[{<<"cowboy">>,
  {git,"https://github.com/ninenines/cowboy",
       {ref,"79aa25cc03518a41351d9f5b074fed065e5713e0"}},
  0},
 {<<"cowlib">>,
  {git,"git://github.com/ninenines/cowlib.git",
       {ref,"d544a494af4dbc810fc9c15eaf5cc050cced1501"}},
  1},
 {<<"ej">>,
  {git,"https://github.com/seth/ej.git",
       {ref,"132a9a3c0662a2377eaf7ebee694a496a0957160"}},
  0},
 {<<"ej_merge">>,
  {git,"https://github.com/lylebe/ej_merge",
       {ref,"98b9d1ff7181d91c9763ba8d65cd94a9ceaadf24"}},
  0},
 {<<"goldrush">>,
  {git,"git://github.com/DeadZen/goldrush.git",
       {ref,"64864ba7fcf40988361340e48680b49a2c2938cf"}},
  1},
 {<<"jesse">>,
  {git,"https://github.com/klarna/jesse.git",
       {ref,"94555fcf8298226d9e78ffe799f706bf4082e4b0"}},
  0},
 {<<"lager">>,
  {git,"https://github.com/basho/lager.git",
       {ref,"e82bb13efa32a0de747d7dc0e8c567794965cec2"}},
  0},
 {<<"mochiweb">>,
  {git,"https://github.com/mochi/mochiweb",
       {ref,"bd6ae7cbb371666a1f68115056f7b30d13765782"}},
  0},
 {<<"quickrand">>,
  {git,"https://github.com/okeuday/quickrand.git",
       {ref,"36bc75ac538430f6858453576850ea088d22c183"}},
  1},
 {<<"ranch">>,
  {git,"git://github.com/ninenines/ranch.git",
       {ref,"adf1822defc2b7cfdc7aca112adabfa1d614043c"}},
  1},
 {<<"trie">>,
  {git,"https://github.com/okeuday/trie",
       {ref,"815f6bcba18459cb2e8afb78d7296f03516e4f91"}},
  0},
 {<<"uuid">>,
  {git,"https://github.com/okeuday/uuid",
       {ref,"24325ae6309d03897735c3a320aab6f74b189ab7"}},
  0}].
